
Microsoft Visual Studio Solution File, Format Version 12.00
# Visual Studio 15
VisualStudioVersion = 15.0.27428.2043
MinimumVisualStudioVersion = 10.0.40219.1
Project("{FAE04EC0-301F-11D3-BF4B-00C04F79EFBC}") = "TestProject", "TestProject\TestProject.csproj", "{0D7D9F79-F764-4671-9AED-1E1D6B4C4391}"
EndProject
Project("{FAE04EC0-301F-11D3-BF4B-00C04F79EFBC}") = "UnitTestProject1", "UnitTestProject1\UnitTestProject1.csproj", "{6A0E92E6-B2B6-405E-9BDC-DFA18FA88858}"
EndProject
Global
	GlobalSection(SolutionConfigurationPlatforms) = preSolution
		Debug|Any CPU = Debug|Any CPU
		Debug|x86 = Debug|x86
		Release|Any CPU = Release|Any CPU
		Release|x86 = Release|x86
	EndGlobalSection
	GlobalSection(ProjectConfigurationPlatforms) = postSolution
		{0D7D9F79-F764-4671-9AED-1E1D6B4C4391}.Debug|Any CPU.ActiveCfg = Debug|Any CPU
		{0D7D9F79-F764-4671-9AED-1E1D6B4C4391}.Debug|x86.ActiveCfg = Debug|x86
		{0D7D9F79-F764-4671-9AED-1E1D6B4C4391}.Debug|x86.Build.0 = Debug|x86
		{0D7D9F79-F764-4671-9AED-1E1D6B4C4391}.Release|Any CPU.ActiveCfg = Release|Any CPU
		{0D7D9F79-F764-4671-9AED-1E1D6B4C4391}.Release|Any CPU.Build.0 = Release|Any CPU
		{0D7D9F79-F764-4671-9AED-1E1D6B4C4391}.Release|x86.ActiveCfg = Release|x86
		{0D7D9F79-F764-4671-9AED-1E1D6B4C4391}.Release|x86.Build.0 = Release|x86
		{6A0E92E6-B2B6-405E-9BDC-DFA18FA88858}.Debug|Any CPU.ActiveCfg = Debug|Any CPU
		{6A0E92E6-B2B6-405E-9BDC-DFA18FA88858}.Debug|Any CPU.Build.0 = Debug|Any CPU
		{6A0E92E6-B2B6-405E-9BDC-DFA18FA88858}.Debug|x86.ActiveCfg = Debug|Any CPU
		{6A0E92E6-B2B6-405E-9BDC-DFA18FA88858}.Debug|x86.Build.0 = Debug|Any CPU
		{6A0E92E6-B2B6-405E-9BDC-DFA18FA88858}.Release|Any CPU.ActiveCfg = Release|Any CPU
		{6A0E92E6-B2B6-405E-9BDC-DFA18FA88858}.Release|Any CPU.Build.0 = Release|Any CPU
		{6A0E92E6-B2B6-405E-9BDC-DFA18FA88858}.Release|x86.ActiveCfg = Release|Any CPU
		{6A0E92E6-B2B6-405E-9BDC-DFA18FA88858}.Release|x86.Build.0 = Release|Any CPU
	EndGlobalSection
	GlobalSection(SolutionProperties) = preSolution
		HideSolutionNode = FALSE
	EndGlobalSection
	GlobalSection(ExtensibilityGlobals) = postSolution
		SolutionGuid = {CDE3658E-AD39-4637-8617-13FB423F37F7}
	EndGlobalSection
EndGlobal
